// !$*UTF8*$!
{
	archiveVersion = 1;
	classes = {
	};
	objectVersion = 55;
	objects = {

/* Begin PBXBuildFile section */
		15EADF09281A81BD00916DE0 /* AppDelegate.swift in Sources */ = {isa = PBXBuildFile; fileRef = 15EADF08281A81BD00916DE0 /* AppDelegate.swift */; };
		15EADF0B281A81BD00916DE0 /* SceneDelegate.swift in Sources */ = {isa = PBXBuildFile; fileRef = 15EADF0A281A81BD00916DE0 /* SceneDelegate.swift */; };
		15EADF0D281A81BD00916DE0 /* WeatherViewController.swift in Sources */ = {isa = PBXBuildFile; fileRef = 15EADF0C281A81BD00916DE0 /* WeatherViewController.swift */; };
		15EADF12281A81C200916DE0 /* Assets.xcassets in Resources */ = {isa = PBXBuildFile; fileRef = 15EADF11281A81C200916DE0 /* Assets.xcassets */; };
		15EADF15281A81C200916DE0 /* LaunchScreen.storyboard in Resources */ = {isa = PBXBuildFile; fileRef = 15EADF13281A81C200916DE0 /* LaunchScreen.storyboard */; };
		15EADF20281A81C200916DE0 /* WhetherAppTests.swift in Sources */ = {isa = PBXBuildFile; fileRef = 15EADF1F281A81C200916DE0 /* WhetherAppTests.swift */; };
		15EADF2A281A81C200916DE0 /* WhetherAppUITests.swift in Sources */ = {isa = PBXBuildFile; fileRef = 15EADF29281A81C200916DE0 /* WhetherAppUITests.swift */; };
		15EADF2C281A81C200916DE0 /* WhetherAppUITestsLaunchTests.swift in Sources */ = {isa = PBXBuildFile; fileRef = 15EADF2B281A81C200916DE0 /* WhetherAppUITestsLaunchTests.swift */; };
		15EADF39281AA26E00916DE0 /* WeatherManager.swift in Sources */ = {isa = PBXBuildFile; fileRef = 15EADF38281AA26E00916DE0 /* WeatherManager.swift */; };
		15EADF3B281AA80200916DE0 /* Weather.swift in Sources */ = {isa = PBXBuildFile; fileRef = 15EADF3A281AA80200916DE0 /* Weather.swift */; };
		15EADF3D281AB1F900916DE0 /* WeatherModel.swift in Sources */ = {isa = PBXBuildFile; fileRef = 15EADF3C281AB1F900916DE0 /* WeatherModel.swift */; };
/* End PBXBuildFile section */

/* Begin PBXContainerItemProxy section */
		15EADF1C281A81C200916DE0 /* PBXContainerItemProxy */ = {
			isa = PBXContainerItemProxy;
			containerPortal = 15EADEFD281A81BD00916DE0 /* Project object */;
			proxyType = 1;
			remoteGlobalIDString = 15EADF04281A81BD00916DE0;
			remoteInfo = WhetherApp;
		};
		15EADF26281A81C200916DE0 /* PBXContainerItemProxy */ = {
			isa = PBXContainerItemProxy;
			containerPortal = 15EADEFD281A81BD00916DE0 /* Project object */;
			proxyType = 1;
			remoteGlobalIDString = 15EADF04281A81BD00916DE0;
			remoteInfo = WhetherApp;
		};
/* End PBXContainerItemProxy section */

/* Begin PBXFileReference section */
		15EADF05281A81BD00916DE0 /* WhetherApp.app */ = {isa = PBXFileReference; explicitFileType = wrapper.application; includeInIndex = 0; path = WhetherApp.app; sourceTree = BUILT_PRODUCTS_DIR; };
		15EADF08281A81BD00916DE0 /* AppDelegate.swift */ = {isa = PBXFileReference; lastKnownFileType = sourcecode.swift; path = AppDelegate.swift; sourceTree = "<group>"; };
		15EADF0A281A81BD00916DE0 /* SceneDelegate.swift */ = {isa = PBXFileReference; lastKnownFileType = sourcecode.swift; path = SceneDelegate.swift; sourceTree = "<group>"; };
		15EADF0C281A81BD00916DE0 /* WeatherViewController.swift */ = {isa = PBXFileReference; lastKnownFileType = sourcecode.swift; path = WeatherViewController.swift; sourceTree = "<group>"; };
		15EADF11281A81C200916DE0 /* Assets.xcassets */ = {isa = PBXFileReference; lastKnownFileType = folder.assetcatalog; path = Assets.xcassets; sourceTree = "<group>"; };
		15EADF14281A81C200916DE0 /* Base */ = {isa = PBXFileReference; lastKnownFileType = file.storyboard; name = Base; path = Base.lproj/LaunchScreen.storyboard; sourceTree = "<group>"; };
		15EADF16281A81C200916DE0 /* Info.plist */ = {isa = PBXFileReference; lastKnownFileType = text.plist.xml; path = Info.plist; sourceTree = "<group>"; };
		15EADF1B281A81C200916DE0 /* WhetherAppTests.xctest */ = {isa = PBXFileReference; explicitFileType = wrapper.cfbundle; includeInIndex = 0; path = WhetherAppTests.xctest; sourceTree = BUILT_PRODUCTS_DIR; };
		15EADF1F281A81C200916DE0 /* WhetherAppTests.swift */ = {isa = PBXFileReference; lastKnownFileType = sourcecode.swift; path = WhetherAppTests.swift; sourceTree = "<group>"; };
		15EADF25281A81C200916DE0 /* WhetherAppUITests.xctest */ = {isa = PBXFileReference; explicitFileType = wrapper.cfbundle; includeInIndex = 0; path = WhetherAppUITests.xctest; sourceTree = BUILT_PRODUCTS_DIR; };
		15EADF29281A81C200916DE0 /* WhetherAppUITests.swift */ = {isa = PBXFileReference; lastKnownFileType = sourcecode.swift; path = WhetherAppUITests.swift; sourceTree = "<group>"; };
		15EADF2B281A81C200916DE0 /* WhetherAppUITestsLaunchTests.swift */ = {isa = PBXFileReference; lastKnownFileType = sourcecode.swift; path = WhetherAppUITestsLaunchTests.swift; sourceTree = "<group>"; };
		15EADF38281AA26E00916DE0 /* WeatherManager.swift */ = {isa = PBXFileReference; lastKnownFileType = sourcecode.swift; path = WeatherManager.swift; sourceTree = "<group>"; };
		15EADF3A281AA80200916DE0 /* Weather.swift */ = {isa = PBXFileReference; lastKnownFileType = sourcecode.swift; path = Weather.swift; sourceTree = "<group>"; };
		15EADF3C281AB1F900916DE0 /* WeatherModel.swift */ = {isa = PBXFileReference; lastKnownFileType = sourcecode.swift; path = WeatherModel.swift; sourceTree = "<group>"; };
/* End PBXFileReference section */

/* Begin PBXFrameworksBuildPhase section */
		15EADF02281A81BD00916DE0 /* Frameworks */ = {
			isa = PBXFrameworksBuildPhase;
			buildActionMask = 2147483647;
			files = (
			);
			runOnlyForDeploymentPostprocessing = 0;
		};
		15EADF18281A81C200916DE0 /* Frameworks */ = {
			isa = PBXFrameworksBuildPhase;
			buildActionMask = 2147483647;
			files = (
			);
			runOnlyForDeploymentPostprocessing = 0;
		};
		15EADF22281A81C200916DE0 /* Frameworks */ = {
			isa = PBXFrameworksBuildPhase;
			buildActionMask = 2147483647;
			files = (
			);
			runOnlyForDeploymentPostprocessing = 0;
		};
/* End PBXFrameworksBuildPhase section */

/* Begin PBXGroup section */
		15EADEFC281A81BD00916DE0 = {
			isa = PBXGroup;
			children = (
				15EADF07281A81BD00916DE0 /* WhetherApp */,
				15EADF1E281A81C200916DE0 /* WhetherAppTests */,
				15EADF28281A81C200916DE0 /* WhetherAppUITests */,
				15EADF06281A81BD00916DE0 /* Products */,
			);
			sourceTree = "<group>";
		};
		15EADF06281A81BD00916DE0 /* Products */ = {
			isa = PBXGroup;
			children = (
				15EADF05281A81BD00916DE0 /* WhetherApp.app */,
				15EADF1B281A81C200916DE0 /* WhetherAppTests.xctest */,
				15EADF25281A81C200916DE0 /* WhetherAppUITests.xctest */,
			);
			name = Products;
			sourceTree = "<group>";
		};
		15EADF07281A81BD00916DE0 /* WhetherApp */ = {
			isa = PBXGroup;
			children = (
				15EADF08281A81BD00916DE0 /* AppDelegate.swift */,
				15EADF0A281A81BD00916DE0 /* SceneDelegate.swift */,
				15EADF0C281A81BD00916DE0 /* WeatherViewController.swift */,
				15EADF38281AA26E00916DE0 /* WeatherManager.swift */,
				15EADF3A281AA80200916DE0 /* Weather.swift */,
				15EADF3C281AB1F900916DE0 /* WeatherModel.swift */,
				15EADF11281A81C200916DE0 /* Assets.xcassets */,
				15EADF13281A81C200916DE0 /* LaunchScreen.storyboard */,
				15EADF16281A81C200916DE0 /* Info.plist */,
			);
			path = WhetherApp;
			sourceTree = "<group>";
		};
		15EADF1E281A81C200916DE0 /* WhetherAppTests */ = {
			isa = PBXGroup;
			children = (
				15EADF1F281A81C200916DE0 /* WhetherAppTests.swift */,
			);
			path = WhetherAppTests;
			sourceTree = "<group>";
		};
		15EADF28281A81C200916DE0 /* WhetherAppUITests */ = {
			isa = PBXGroup;
			children = (
				15EADF29281A81C200916DE0 /* WhetherAppUITests.swift */,
				15EADF2B281A81C200916DE0 /* WhetherAppUITestsLaunchTests.swift */,
			);
			path = WhetherAppUITests;
			sourceTree = "<group>";
		};
/* End PBXGroup section */

/* Begin PBXNativeTarget section */
		15EADF04281A81BD00916DE0 /* WhetherApp */ = {
			isa = PBXNativeTarget;
			buildConfigurationList = 15EADF2F281A81C200916DE0 /* Build configuration list for PBXNativeTarget "WhetherApp" */;
			buildPhases = (
				15EADF01281A81BD00916DE0 /* Sources */,
				15EADF02281A81BD00916DE0 /* Frameworks */,
				15EADF03281A81BD00916DE0 /* Resources */,
			);
			buildRules = (
			);
			dependencies = (
			);
			name = WhetherApp;
			productName = WhetherApp;
			productReference = 15EADF05281A81BD00916DE0 /* WhetherApp.app */;
			productType = "com.apple.product-type.application";
		};
		15EADF1A281A81C200916DE0 /* WhetherAppTests */ = {
			isa = PBXNativeTarget;
			buildConfigurationList = 15EADF32281A81C200916DE0 /* Build configuration list for PBXNativeTarget "WhetherAppTests" */;
			buildPhases = (
				15EADF17281A81C200916DE0 /* Sources */,
				15EADF18281A81C200916DE0 /* Frameworks */,
				15EADF19281A81C200916DE0 /* Resources */,
			);
			buildRules = (
			);
			dependencies = (
				15EADF1D281A81C200916DE0 /* PBXTargetDependency */,
			);
			name = WhetherAppTests;
			productName = WhetherAppTests;
			productReference = 15EADF1B281A81C200916DE0 /* WhetherAppTests.xctest */;
			productType = "com.apple.product-type.bundle.unit-test";
		};
		15EADF24281A81C200916DE0 /* WhetherAppUITests */ = {
			isa = PBXNativeTarget;
			buildConfigurationList = 15EADF35281A81C200916DE0 /* Build configuration list for PBXNativeTarget "WhetherAppUITests" */;
			buildPhases = (
				15EADF21281A81C200916DE0 /* Sources */,
				15EADF22281A81C200916DE0 /* Frameworks */,
				15EADF23281A81C200916DE0 /* Resources */,
			);
			buildRules = (
			);
			dependencies = (
				15EADF27281A81C200916DE0 /* PBXTargetDependency */,
			);
			name = WhetherAppUITests;
			productName = WhetherAppUITests;
			productReference = 15EADF25281A81C200916DE0 /* WhetherAppUITests.xctest */;
			productType = "com.apple.product-type.bundle.ui-testing";
		};
/* End PBXNativeTarget section */

/* Begin PBXProject section */
		15EADEFD281A81BD00916DE0 /* Project object */ = {
			isa = PBXProject;
			attributes = {
				BuildIndependentTargetsInParallel = 1;
				LastSwiftUpdateCheck = 1330;
				LastUpgradeCheck = 1330;
				TargetAttributes = {
					15EADF04281A81BD00916DE0 = {
						CreatedOnToolsVersion = 13.3.1;
					};
					15EADF1A281A81C200916DE0 = {
						CreatedOnToolsVersion = 13.3.1;
						TestTargetID = 15EADF04281A81BD00916DE0;
					};
					15EADF24281A81C200916DE0 = {
						CreatedOnToolsVersion = 13.3.1;
						TestTargetID = 15EADF04281A81BD00916DE0;
					};
				};
			};
			buildConfigurationList = 15EADF00281A81BD00916DE0 /* Build configuration list for PBXProject "WhetherApp" */;
			compatibilityVersion = "Xcode 13.0";
			developmentRegion = en;
			hasScannedForEncodings = 0;
			knownRegions = (
				en,
				Base,
			);
			mainGroup = 15EADEFC281A81BD00916DE0;
			productRefGroup = 15EADF06281A81BD00916DE0 /* Products */;
			projectDirPath = "";
			projectRoot = "";
			targets = (
				15EADF04281A81BD00916DE0 /* WhetherApp */,
				15EADF1A281A81C200916DE0 /* WhetherAppTests */,
				15EADF24281A81C200916DE0 /* WhetherAppUITests */,
			);
		};
/* End PBXProject section */

/* Begin PBXResourcesBuildPhase section */
		15EADF03281A81BD00916DE0 /* Resources */ = {
			isa = PBXResourcesBuildPhase;
			buildActionMask = 2147483647;
			files = (
				15EADF15281A81C200916DE0 /* LaunchScreen.storyboard in Resources */,
				15EADF12281A81C200916DE0 /* Assets.xcassets in Resources */,
			);
			runOnlyForDeploymentPostprocessing = 0;
		};
		15EADF19281A81C200916DE0 /* Resources */ = {
			isa = PBXResourcesBuildPhase;
			buildActionMask = 2147483647;
			files = (
			);
			runOnlyForDeploymentPostprocessing = 0;
		};
		15EADF23281A81C200916DE0 /* Resources */ = {
			isa = PBXResourcesBuildPhase;
			buildActionMask = 2147483647;
			files = (
			);
			runOnlyForDeploymentPostprocessing = 0;
		};
/* End PBXResourcesBuildPhase section */

/* Begin PBXSourcesBuildPhase section */
		15EADF01281A81BD00916DE0 /* Sources */ = {
			isa = PBXSourcesBuildPhase;
			buildActionMask = 2147483647;
			files = (
				15EADF0D281A81BD00916DE0 /* WeatherViewController.swift in Sources */,
				15EADF09281A81BD00916DE0 /* AppDelegate.swift in Sources */,
				15EADF39281AA26E00916DE0 /* WeatherManager.swift in Sources */,
				15EADF0B281A81BD00916DE0 /* SceneDelegate.swift in Sources */,
				15EADF3D281AB1F900916DE0 /* WeatherModel.swift in Sources */,
				15EADF3B281AA80200916DE0 /* Weather.swift in Sources */,
			);
			runOnlyForDeploymentPostprocessing = 0;
		};
		15EADF17281A81C200916DE0 /* Sources */ = {
			isa = PBXSourcesBuildPhase;
			buildActionMask = 2147483647;
			files = (
				15EADF20281A81C200916DE0 /* WhetherAppTests.swift in Sources */,
			);
			runOnlyForDeploymentPostprocessing = 0;
		};
		15EADF21281A81C200916DE0 /* Sources */ = {
			isa = PBXSourcesBuildPhase;
			buildActionMask = 2147483647;
			files = (
				15EADF2C281A81C200916DE0 /* WhetherAppUITestsLaunchTests.swift in Sources */,
				15EADF2A281A81C200916DE0 /* WhetherAppUITests.swift in Sources */,
			);
			runOnlyForDeploymentPostprocessing = 0;
		};
/* End PBXSourcesBuildPhase section */

/* Begin PBXTargetDependency section */
		15EADF1D281A81C200916DE0 /* PBXTargetDependency */ = {
			isa = PBXTargetDependency;
			target = 15EADF04281A81BD00916DE0 /* WhetherApp */;
			targetProxy = 15EADF1C281A81C200916DE0 /* PBXContainerItemProxy */;
		};
		15EADF27281A81C200916DE0 /* PBXTargetDependency */ = {
			isa = PBXTargetDependency;
			target = 15EADF04281A81BD00916DE0 /* WhetherApp */;
			targetProxy = 15EADF26281A81C200916DE0 /* PBXContainerItemProxy */;
		};
/* End PBXTargetDependency section */

/* Begin PBXVariantGroup section */
		15EADF13281A81C200916DE0 /* LaunchScreen.storyboard */ = {
			isa = PBXVariantGroup;
			children = (
				15EADF14281A81C200916DE0 /* Base */,
			);
			name = LaunchScreen.storyboard;
			sourceTree = "<group>";
		};
/* End PBXVariantGroup section */

/* Begin XCBuildConfiguration section */
		15EADF2D281A81C200916DE0 /* Debug */ = {
			isa = XCBuildConfiguration;
			buildSettings = {
				ALWAYS_SEARCH_USER_PATHS = NO;
				CLANG_ANALYZER_NONNULL = YES;
				CLANG_ANALYZER_NUMBER_OBJECT_CONVERSION = YES_AGGRESSIVE;
				CLANG_CXX_LANGUAGE_STANDARD = "gnu++17";
				CLANG_ENABLE_MODULES = YES;
				CLANG_ENABLE_OBJC_ARC = YES;
				CLANG_ENABLE_OBJC_WEAK = YES;
				CLANG_WARN_BLOCK_CAPTURE_AUTORELEASING = YES;
				CLANG_WARN_BOOL_CONVERSION = YES;
				CLANG_WARN_COMMA = YES;
				CLANG_WARN_CONSTANT_CONVERSION = YES;
				CLANG_WARN_DEPRECATED_OBJC_IMPLEMENTATIONS = YES;
				CLANG_WARN_DIRECT_OBJC_ISA_USAGE = YES_ERROR;
				CLANG_WARN_DOCUMENTATION_COMMENTS = YES;
				CLANG_WARN_EMPTY_BODY = YES;
				CLANG_WARN_ENUM_CONVERSION = YES;
				CLANG_WARN_INFINITE_RECURSION = YES;
				CLANG_WARN_INT_CONVERSION = YES;
				CLANG_WARN_NON_LITERAL_NULL_CONVERSION = YES;
				CLANG_WARN_OBJC_IMPLICIT_RETAIN_SELF = YES;
				CLANG_WARN_OBJC_LITERAL_CONVERSION = YES;
				CLANG_WARN_OBJC_ROOT_CLASS = YES_ERROR;
				CLANG_WARN_QUOTED_INCLUDE_IN_FRAMEWORK_HEADER = YES;
				CLANG_WARN_RANGE_LOOP_ANALYSIS = YES;
				CLANG_WARN_STRICT_PROTOTYPES = YES;
				CLANG_WARN_SUSPICIOUS_MOVE = YES;
				CLANG_WARN_UNGUARDED_AVAILABILITY = YES_AGGRESSIVE;
				CLANG_WARN_UNREACHABLE_CODE = YES;
				CLANG_WARN__DUPLICATE_METHOD_MATCH = YES;
				COPY_PHASE_STRIP = NO;
				DEBUG_INFORMATION_FORMAT = dwarf;
				ENABLE_STRICT_OBJC_MSGSEND = YES;
				ENABLE_TESTABILITY = YES;
				GCC_C_LANGUAGE_STANDARD = gnu11;
				GCC_DYNAMIC_NO_PIC = NO;
				GCC_NO_COMMON_BLOCKS = YES;
				GCC_OPTIMIZATION_LEVEL = 0;
				GCC_PREPROCESSOR_DEFINITIONS = (
					"DEBUG=1",
					"$(inherited)",
				);
				GCC_WARN_64_TO_32_BIT_CONVERSION = YES;
				GCC_WARN_ABOUT_RETURN_TYPE = YES_ERROR;
				GCC_WARN_UNDECLARED_SELECTOR = YES;
				GCC_WARN_UNINITIALIZED_AUTOS = YES_AGGRESSIVE;
				GCC_WARN_UNUSED_FUNCTION = YES;
				GCC_WARN_UNUSED_VARIABLE = YES;
				IPHONEOS_DEPLOYMENT_TARGET = 15.4;
				MTL_ENABLE_DEBUG_INFO = INCLUDE_SOURCE;
				MTL_FAST_MATH = YES;
				ONLY_ACTIVE_ARCH = YES;
				SDKROOT = iphoneos;
				SWIFT_ACTIVE_COMPILATION_CONDITIONS = DEBUG;
				SWIFT_OPTIMIZATION_LEVEL = "-Onone";
			};
			name = Debug;
		};
		15EADF2E281A81C200916DE0 /* Release */ = {
			isa = XCBuildConfiguration;
			buildSettings = {
				ALWAYS_SEARCH_USER_PATHS = NO;
				CLANG_ANALYZER_NONNULL = YES;
				CLANG_ANALYZER_NUMBER_OBJECT_CONVERSION = YES_AGGRESSIVE;
				CLANG_CXX_LANGUAGE_STANDARD = "gnu++17";
				CLANG_ENABLE_MODULES = YES;
				CLANG_ENABLE_OBJC_ARC = YES;
				CLANG_ENABLE_OBJC_WEAK = YES;
				CLANG_WARN_BLOCK_CAPTURE_AUTORELEASING = YES;
				CLANG_WARN_BOOL_CONVERSION = YES;
				CLANG_WARN_COMMA = YES;
				CLANG_WARN_CONSTANT_CONVERSION = YES;
				CLANG_WARN_DEPRECATED_OBJC_IMPLEMENTATIONS = YES;
				CLANG_WARN_DIRECT_OBJC_ISA_USAGE = YES_ERROR;
				CLANG_WARN_DOCUMENTATION_COMMENTS = YES;
				CLANG_WARN_EMPTY_BODY = YES;
				CLANG_WARN_ENUM_CONVERSION = YES;
				CLANG_WARN_INFINITE_RECURSION = YES;
				CLANG_WARN_INT_CONVERSION = YES;
				CLANG_WARN_NON_LITERAL_NULL_CONVERSION = YES;
				CLANG_WARN_OBJC_IMPLICIT_RETAIN_SELF = YES;
				CLANG_WARN_OBJC_LITERAL_CONVERSION = YES;
				CLANG_WARN_OBJC_ROOT_CLASS = YES_ERROR;
				CLANG_WARN_QUOTED_INCLUDE_IN_FRAMEWORK_HEADER = YES;
				CLANG_WARN_RANGE_LOOP_ANALYSIS = YES;
				CLANG_WARN_STRICT_PROTOTYPES = YES;
				CLANG_WARN_SUSPICIOUS_MOVE = YES;
				CLANG_WARN_UNGUARDED_AVAILABILITY = YES_AGGRESSIVE;
				CLANG_WARN_UNREACHABLE_CODE = YES;
				CLANG_WARN__DUPLICATE_METHOD_MATCH = YES;
				COPY_PHASE_STRIP = NO;
				DEBUG_INFORMATION_FORMAT = "dwarf-with-dsym";
				ENABLE_NS_ASSERTIONS = NO;
				ENABLE_STRICT_OBJC_MSGSEND = YES;
				GCC_C_LANGUAGE_STANDARD = gnu11;
				GCC_NO_COMMON_BLOCKS = YES;
				GCC_WARN_64_TO_32_BIT_CONVERSION = YES;
				GCC_WARN_ABOUT_RETURN_TYPE = YES_ERROR;
				GCC_WARN_UNDECLARED_SELECTOR = YES;
				GCC_WARN_UNINITIALIZED_AUTOS = YES_AGGRESSIVE;
				GCC_WARN_UNUSED_FUNCTION = YES;
				GCC_WARN_UNUSED_VARIABLE = YES;
				IPHONEOS_DEPLOYMENT_TARGET = 15.4;
				MTL_ENABLE_DEBUG_INFO = NO;
				MTL_FAST_MATH = YES;
				SDKROOT = iphoneos;
				SWIFT_COMPILATION_MODE = wholemodule;
				SWIFT_OPTIMIZATION_LEVEL = "-O";
				VALIDATE_PRODUCT = YES;
			};
			name = Release;
		};
		15EADF30281A81C200916DE0 /* Debug */ = {
			isa = XCBuildConfiguration;
			buildSettings = {
				ASSETCATALOG_COMPILER_APPICON_NAME = AppIcon;
				ASSETCATALOG_COMPILER_GLOBAL_ACCENT_COLOR_NAME = AccentColor;
				CODE_SIGN_STYLE = Automatic;
				CURRENT_PROJECT_VERSION = 1;
				DEVELOPMENT_TEAM = 32QZH4J5KJ;
				GENERATE_INFOPLIST_FILE = YES;
				INFOPLIST_FILE = WhetherApp/Info.plist;
				INFOPLIST_KEY_UIApplicationSupportsIndirectInputEvents = YES;
				INFOPLIST_KEY_UILaunchStoryboardName = LaunchScreen;
				INFOPLIST_KEY_UISupportedInterfaceOrientations_iPad = "UIInterfaceOrientationPortrait UIInterfaceOrientationPortraitUpsideDown UIInterfaceOrientationLandscapeLeft UIInterfaceOrientationLandscapeRight";
				INFOPLIST_KEY_UISupportedInterfaceOrientations_iPhone = "UIInterfaceOrientationPortrait UIInterfaceOrientationLandscapeLeft UIInterfaceOrientationLandscapeRight";
				LD_RUNPATH_SEARCH_PATHS = (
					"$(inherited)",
					"@executable_path/Frameworks",
				);
				MARKETING_VERSION = 1.0;
				PRODUCT_BUNDLE_IDENTIFIER = ibra.az.WhetherApp;
				PRODUCT_NAME = "$(TARGET_NAME)";
				SWIFT_EMIT_LOC_STRINGS = YES;
				SWIFT_VERSION = 5.0;
				TARGETED_DEVICE_FAMILY = "1,2";
			};
			name = Debug;
		};
		15EADF31281A81C200916DE0 /* Release */ = {
			isa = XCBuildConfiguration;
			buildSettings = {
				ASSETCATALOG_COMPILER_APPICON_NAME = AppIcon;
				ASSETCATALOG_COMPILER_GLOBAL_ACCENT_COLOR_NAME = AccentColor;
				CODE_SIGN_STYLE = Automatic;
				CURRENT_PROJECT_VERSION = 1;
				DEVELOPMENT_TEAM = 32QZH4J5KJ;
				GENERATE_INFOPLIST_FILE = YES;
				INFOPLIST_FILE = WhetherApp/Info.plist;
				INFOPLIST_KEY_UIApplicationSupportsIndirectInputEvents = YES;
				INFOPLIST_KEY_UILaunchStoryboardName = LaunchScreen;
				INFOPLIST_KEY_UISupportedInterfaceOrientations_iPad = "UIInterfaceOrientationPortrait UIInterfaceOrientationPortraitUpsideDown UIInterfaceOrientationLandscapeLeft UIInterfaceOrientationLandscapeRight";
				INFOPLIST_KEY_UISupportedInterfaceOrientations_iPhone = "UIInterfaceOrientationPortrait UIInterfaceOrientationLandscapeLeft UIInterfaceOrientationLandscapeRight";
				LD_RUNPATH_SEARCH_PATHS = (
					"$(inherited)",
					"@executable_path/Frameworks",
				);
				MARKETING_VERSION = 1.0;
				PRODUCT_BUNDLE_IDENTIFIER = ibra.az.WhetherApp;
				PRODUCT_NAME = "$(TARGET_NAME)";
				SWIFT_EMIT_LOC_STRINGS = YES;
				SWIFT_VERSION = 5.0;
				TARGETED_DEVICE_FAMILY = "1,2";
			};
			name = Release;
		};
		15EADF33281A81C200916DE0 /* Debug */ = {
			isa = XCBuildConfiguration;
			buildSettings = {
				ALWAYS_EMBED_SWIFT_STANDARD_LIBRARIES = YES;
				BUNDLE_LOADER = "$(TEST_HOST)";
				CODE_SIGN_STYLE = Automatic;
				CURRENT_PROJECT_VERSION = 1;
				DEVELOPMENT_TEAM = 32QZH4J5KJ;
				GENERATE_INFOPLIST_FILE = YES;
				IPHONEOS_DEPLOYMENT_TARGET = 15.4;
				MARKETING_VERSION = 1.0;
				PRODUCT_BUNDLE_IDENTIFIER = ibra.az.WhetherAppTests;
				PRODUCT_NAME = "$(TARGET_NAME)";
				SWIFT_EMIT_LOC_STRINGS = NO;
				SWIFT_VERSION = 5.0;
				TARGETED_DEVICE_FAMILY = "1,2";
				TEST_HOST = "$(BUILT_PRODUCTS_DIR)/WhetherApp.app/WhetherApp";
			};
			name = Debug;
		};
		15EADF34281A81C200916DE0 /* Release */ = {
			isa = XCBuildConfiguration;
			buildSettings = {
				ALWAYS_EMBED_SWIFT_STANDARD_LIBRARIES = YES;
				BUNDLE_LOADER = "$(TEST_HOST)";
				CODE_SIGN_STYLE = Automatic;
				CURRENT_PROJECT_VERSION = 1;
				DEVELOPMENT_TEAM = 32QZH4J5KJ;
				GENERATE_INFOPLIST_FILE = YES;
				IPHONEOS_DEPLOYMENT_TARGET = 15.4;
				MARKETING_VERSION = 1.0;
				PRODUCT_BUNDLE_IDENTIFIER = ibra.az.WhetherAppTests;
				PRODUCT_NAME = "$(TARGET_NAME)";
				SWIFT_EMIT_LOC_STRINGS = NO;
				SWIFT_VERSION = 5.0;
				TARGETED_DEVICE_FAMILY = "1,2";
				TEST_HOST = "$(BUILT_PRODUCTS_DIR)/WhetherApp.app/WhetherApp";
			};
			name = Release;
		};
		15EADF36281A81C200916DE0 /* Debug */ = {
			isa = XCBuildConfiguration;
			buildSettings = {
				ALWAYS_EMBED_SWIFT_STANDARD_LIBRARIES = YES;
				CODE_SIGN_STYLE = Automatic;
				CURRENT_PROJECT_VERSION = 1;
				DEVELOPMENT_TEAM = 32QZH4J5KJ;
				GENERATE_INFOPLIST_FILE = YES;
				MARKETING_VERSION = 1.0;
				PRODUCT_BUNDLE_IDENTIFIER = ibra.az.WhetherAppUITests;
				PRODUCT_NAME = "$(TARGET_NAME)";
				SWIFT_EMIT_LOC_STRINGS = NO;
				SWIFT_VERSION = 5.0;
				TARGETED_DEVICE_FAMILY = "1,2";
				TEST_TARGET_NAME = WhetherApp;
			};
			name = Debug;
		};
		15EADF37281A81C200916DE0 /* Release */ = {
			isa = XCBuildConfiguration;
			buildSettings = {
				ALWAYS_EMBED_SWIFT_STANDARD_LIBRARIES = YES;
				CODE_SIGN_STYLE = Automatic;
				CURRENT_PROJECT_VERSION = 1;
				DEVELOPMENT_TEAM = 32QZH4J5KJ;
				GENERATE_INFOPLIST_FILE = YES;
				MARKETING_VERSION = 1.0;
				PRODUCT_BUNDLE_IDENTIFIER = ibra.az.WhetherAppUITests;
				PRODUCT_NAME = "$(TARGET_NAME)";
				SWIFT_EMIT_LOC_STRINGS = NO;
				SWIFT_VERSION = 5.0;
				TARGETED_DEVICE_FAMILY = "1,2";
				TEST_TARGET_NAME = WhetherApp;
			};
			name = Release;
		};
/* End XCBuildConfiguration section */

/* Begin XCConfigurationList section */
		15EADF00281A81BD00916DE0 /* Build configuration list for PBXProject "WhetherApp" */ = {
			isa = XCConfigurationList;
			buildConfigurations = (
				15EADF2D281A81C200916DE0 /* Debug */,
				15EADF2E281A81C200916DE0 /* Release */,
			);
			defaultConfigurationIsVisible = 0;
			defaultConfigurationName = Release;
		};
		15EADF2F281A81C200916DE0 /* Build configuration list for PBXNativeTarget "WhetherApp" */ = {
			isa = XCConfigurationList;
			buildConfigurations = (
				15EADF30281A81C200916DE0 /* Debug */,
				15EADF31281A81C200916DE0 /* Release */,
			);
			defaultConfigurationIsVisible = 0;
			defaultConfigurationName = Release;
		};
		15EADF32281A81C200916DE0 /* Build configuration list for PBXNativeTarget "WhetherAppTests" */ = {
			isa = XCConfigurationList;
			buildConfigurations = (
				15EADF33281A81C200916DE0 /* Debug */,
				15EADF34281A81C200916DE0 /* Release */,
			);
			defaultConfigurationIsVisible = 0;
			defaultConfigurationName = Release;
		};
		15EADF35281A81C200916DE0 /* Build configuration list for PBXNativeTarget "WhetherAppUITests" */ = {
			isa = XCConfigurationList;
			buildConfigurations = (
				15EADF36281A81C200916DE0 /* Debug */,
				15EADF37281A81C200916DE0 /* Release */,
			);
			defaultConfigurationIsVisible = 0;
			defaultConfigurationName = Release;
		};
/* End XCConfigurationList section */
	};
	rootObject = 15EADEFD281A81BD00916DE0 /* Project object */;
}
